
Microsoft Visual Studio Solution File, Format Version 12.00
# Visual Studio Version 16
VisualStudioVersion = 16.0.30011.22
MinimumVisualStudioVersion = 10.0.40219.1
Project("{00D1A9C2-B5F0-4AF3-8072-F6C62B433612}") = "KillerDb", "KillerDb\KillerDb.sqlproj", "{86084759-2D16-49AA-9540-71E3737FA803}"
EndProject
Global
	GlobalSection(SolutionConfigurationPlatforms) = preSolution
		Debug|Any CPU = Debug|Any CPU
		Release|Any CPU = Release|Any CPU
	EndGlobalSection
	GlobalSection(ProjectConfigurationPlatforms) = postSolution
		{86084759-2D16-49AA-9540-71E3737FA803}.Debug|Any CPU.ActiveCfg = Debug|Any CPU
		{86084759-2D16-49AA-9540-71E3737FA803}.Debug|Any CPU.Build.0 = Debug|Any CPU
		{86084759-2D16-49AA-9540-71E3737FA803}.Debug|Any CPU.Deploy.0 = Debug|Any CPU
		{86084759-2D16-49AA-9540-71E3737FA803}.Release|Any CPU.ActiveCfg = Release|Any CPU
		{86084759-2D16-49AA-9540-71E3737FA803}.Release|Any CPU.Build.0 = Release|Any CPU
		{86084759-2D16-49AA-9540-71E3737FA803}.Release|Any CPU.Deploy.0 = Release|Any CPU
	EndGlobalSection
	GlobalSection(SolutionProperties) = preSolution
		HideSolutionNode = FALSE
	EndGlobalSection
	GlobalSection(ExtensibilityGlobals) = postSolution
		SolutionGuid = {EA6DFA82-358E-41EB-BF46-FDB349819037}
	EndGlobalSection
EndGlobal
